{
  "object": {
    "pins": [
      {
        "package": "Blake2",
        "repositoryURL": "https://github.com/lishuailibertine/Blake2.swift",
        "state": {
          "branch": null,
          "revision": "ffcf99a3d7f83d5bf2200720e75fa29040a8b604",
          "version": "0.1.3"
        }
      },
      {
        "package": "scrypt",
        "repositoryURL": "https://github.com/v57/scrypt.c.git",
        "state": {
          "branch": null,
          "revision": "0a1ac944808cd667a0c2e2457a4729dcdd447085",
          "version": "0.1.1"
        }
      },
      {
        "package": "UncommonCrypto",
        "repositoryURL": "https://github.com/lishuailibertine/UncommonCrypto.swift",
        "state": {
          "branch": null,
          "revision": "db2fae114255fd17ae7bf46dff3a7997af98b626",
          "version": "0.1.4"
        }
      }
    ]
  },
  "version": 1
}
