// !$*UTF8*$!
{
	archiveVersion = 1;
	classes = {
	};
	objectVersion = 52;
	objects = {

/* Begin PBXBuildFile section */
		8267906226D88A8E00AE5C4A /* AppDelegate.swift in Sources */ = {isa = PBXBuildFile; fileRef = 8267906126D88A8E00AE5C4A /* AppDelegate.swift */; };
		8267906426D88A8E00AE5C4A /* SceneDelegate.swift in Sources */ = {isa = PBXBuildFile; fileRef = 8267906326D88A8E00AE5C4A /* SceneDelegate.swift */; };
		8267906626D88A8E00AE5C4A /* ViewController.swift in Sources */ = {isa = PBXBuildFile; fileRef = 8267906526D88A8E00AE5C4A /* ViewController.swift */; };
		8267906926D88A8E00AE5C4A /* Main.storyboard in Resources */ = {isa = PBXBuildFile; fileRef = 8267906726D88A8E00AE5C4A /* Main.storyboard */; };
		8267906B26D88A9100AE5C4A /* Assets.xcassets in Resources */ = {isa = PBXBuildFile; fileRef = 8267906A26D88A9100AE5C4A /* Assets.xcassets */; };
		8267906E26D88A9100AE5C4A /* LaunchScreen.storyboard in Resources */ = {isa = PBXBuildFile; fileRef = 8267906C26D88A9100AE5C4A /* LaunchScreen.storyboard */; };
		8267907926D88A9100AE5C4A /* SS58FactoryTests.swift in Sources */ = {isa = PBXBuildFile; fileRef = 8267907826D88A9100AE5C4A /* SS58FactoryTests.swift */; };
		8267908426D88A9100AE5C4A /* SS58FactoryUITests.swift in Sources */ = {isa = PBXBuildFile; fileRef = 8267908326D88A9100AE5C4A /* SS58FactoryUITests.swift */; };
		82F654BB26D8998D005498EE /* SS58Factory in Frameworks */ = {isa = PBXBuildFile; productRef = 82F654BA26D8998D005498EE /* SS58Factory */; };
/* End PBXBuildFile section */

/* Begin PBXContainerItemProxy section */
		8267907526D88A9100AE5C4A /* PBXContainerItemProxy */ = {
			isa = PBXContainerItemProxy;
			containerPortal = 8267905626D88A8E00AE5C4A /* Project object */;
			proxyType = 1;
			remoteGlobalIDString = 8267905D26D88A8E00AE5C4A;
			remoteInfo = SS58Factory;
		};
		8267908026D88A9100AE5C4A /* PBXContainerItemProxy */ = {
			isa = PBXContainerItemProxy;
			containerPortal = 8267905626D88A8E00AE5C4A /* Project object */;
			proxyType = 1;
			remoteGlobalIDString = 8267905D26D88A8E00AE5C4A;
			remoteInfo = SS58Factory;
		};
/* End PBXContainerItemProxy section */

/* Begin PBXFileReference section */
		8267905E26D88A8E00AE5C4A /* SS58Factory.app */ = {isa = PBXFileReference; explicitFileType = wrapper.application; includeInIndex = 0; path = SS58Factory.app; sourceTree = BUILT_PRODUCTS_DIR; };
		8267906126D88A8E00AE5C4A /* AppDelegate.swift */ = {isa = PBXFileReference; lastKnownFileType = sourcecode.swift; path = AppDelegate.swift; sourceTree = "<group>"; };
		8267906326D88A8E00AE5C4A /* SceneDelegate.swift */ = {isa = PBXFileReference; lastKnownFileType = sourcecode.swift; path = SceneDelegate.swift; sourceTree = "<group>"; };
		8267906526D88A8E00AE5C4A /* ViewController.swift */ = {isa = PBXFileReference; lastKnownFileType = sourcecode.swift; path = ViewController.swift; sourceTree = "<group>"; };
		8267906826D88A8E00AE5C4A /* Base */ = {isa = PBXFileReference; lastKnownFileType = file.storyboard; name = Base; path = Base.lproj/Main.storyboard; sourceTree = "<group>"; };
		8267906A26D88A9100AE5C4A /* Assets.xcassets */ = {isa = PBXFileReference; lastKnownFileType = folder.assetcatalog; path = Assets.xcassets; sourceTree = "<group>"; };
		8267906D26D88A9100AE5C4A /* Base */ = {isa = PBXFileReference; lastKnownFileType = file.storyboard; name = Base; path = Base.lproj/LaunchScreen.storyboard; sourceTree = "<group>"; };
		8267906F26D88A9100AE5C4A /* Info.plist */ = {isa = PBXFileReference; lastKnownFileType = text.plist.xml; path = Info.plist; sourceTree = "<group>"; };
		8267907426D88A9100AE5C4A /* SS58FactoryTests.xctest */ = {isa = PBXFileReference; explicitFileType = wrapper.cfbundle; includeInIndex = 0; path = SS58FactoryTests.xctest; sourceTree = BUILT_PRODUCTS_DIR; };
		8267907826D88A9100AE5C4A /* SS58FactoryTests.swift */ = {isa = PBXFileReference; lastKnownFileType = sourcecode.swift; path = SS58FactoryTests.swift; sourceTree = "<group>"; };
		8267907A26D88A9100AE5C4A /* Info.plist */ = {isa = PBXFileReference; lastKnownFileType = text.plist.xml; path = Info.plist; sourceTree = "<group>"; };
		8267907F26D88A9100AE5C4A /* SS58FactoryUITests.xctest */ = {isa = PBXFileReference; explicitFileType = wrapper.cfbundle; includeInIndex = 0; path = SS58FactoryUITests.xctest; sourceTree = BUILT_PRODUCTS_DIR; };
		8267908326D88A9100AE5C4A /* SS58FactoryUITests.swift */ = {isa = PBXFileReference; lastKnownFileType = sourcecode.swift; path = SS58FactoryUITests.swift; sourceTree = "<group>"; };
		8267908526D88A9100AE5C4A /* Info.plist */ = {isa = PBXFileReference; lastKnownFileType = text.plist.xml; path = Info.plist; sourceTree = "<group>"; };
		8267909726D88AC400AE5C4A /* SS58Factory-Bridging-Header.h */ = {isa = PBXFileReference; lastKnownFileType = sourcecode.c.h; path = "SS58Factory-Bridging-Header.h"; sourceTree = "<group>"; };
/* End PBXFileReference section */

/* Begin PBXFrameworksBuildPhase section */
		8267905B26D88A8E00AE5C4A /* Frameworks */ = {
			isa = PBXFrameworksBuildPhase;
			buildActionMask = 2147483647;
			files = (
				82F654BB26D8998D005498EE /* SS58Factory in Frameworks */,
			);
			runOnlyForDeploymentPostprocessing = 0;
		};
		8267907126D88A9100AE5C4A /* Frameworks */ = {
			isa = PBXFrameworksBuildPhase;
			buildActionMask = 2147483647;
			files = (
			);
			runOnlyForDeploymentPostprocessing = 0;
		};
		8267907C26D88A9100AE5C4A /* Frameworks */ = {
			isa = PBXFrameworksBuildPhase;
			buildActionMask = 2147483647;
			files = (
			);
			runOnlyForDeploymentPostprocessing = 0;
		};
/* End PBXFrameworksBuildPhase section */

/* Begin PBXGroup section */
		8267905526D88A8E00AE5C4A = {
			isa = PBXGroup;
			children = (
				8267906026D88A8E00AE5C4A /* SS58Factory */,
				8267907726D88A9100AE5C4A /* SS58FactoryTests */,
				8267908226D88A9100AE5C4A /* SS58FactoryUITests */,
				8267905F26D88A8E00AE5C4A /* Products */,
			);
			sourceTree = "<group>";
		};
		8267905F26D88A8E00AE5C4A /* Products */ = {
			isa = PBXGroup;
			children = (
				8267905E26D88A8E00AE5C4A /* SS58Factory.app */,
				8267907426D88A9100AE5C4A /* SS58FactoryTests.xctest */,
				8267907F26D88A9100AE5C4A /* SS58FactoryUITests.xctest */,
			);
			name = Products;
			sourceTree = "<group>";
		};
		8267906026D88A8E00AE5C4A /* SS58Factory */ = {
			isa = PBXGroup;
			children = (
				8267906126D88A8E00AE5C4A /* AppDelegate.swift */,
				8267906326D88A8E00AE5C4A /* SceneDelegate.swift */,
				8267906526D88A8E00AE5C4A /* ViewController.swift */,
				8267906726D88A8E00AE5C4A /* Main.storyboard */,
				8267906A26D88A9100AE5C4A /* Assets.xcassets */,
				8267906C26D88A9100AE5C4A /* LaunchScreen.storyboard */,
				8267906F26D88A9100AE5C4A /* Info.plist */,
				8267909726D88AC400AE5C4A /* SS58Factory-Bridging-Header.h */,
			);
			path = SS58Factory;
			sourceTree = "<group>";
		};
		8267907726D88A9100AE5C4A /* SS58FactoryTests */ = {
			isa = PBXGroup;
			children = (
				8267907826D88A9100AE5C4A /* SS58FactoryTests.swift */,
				8267907A26D88A9100AE5C4A /* Info.plist */,
			);
			path = SS58FactoryTests;
			sourceTree = "<group>";
		};
		8267908226D88A9100AE5C4A /* SS58FactoryUITests */ = {
			isa = PBXGroup;
			children = (
				8267908326D88A9100AE5C4A /* SS58FactoryUITests.swift */,
				8267908526D88A9100AE5C4A /* Info.plist */,
			);
			path = SS58FactoryUITests;
			sourceTree = "<group>";
		};
/* End PBXGroup section */

/* Begin PBXNativeTarget section */
		8267905D26D88A8E00AE5C4A /* SS58Factory */ = {
			isa = PBXNativeTarget;
			buildConfigurationList = 8267908826D88A9100AE5C4A /* Build configuration list for PBXNativeTarget "SS58Factory" */;
			buildPhases = (
				8267905A26D88A8E00AE5C4A /* Sources */,
				8267905B26D88A8E00AE5C4A /* Frameworks */,
				8267905C26D88A8E00AE5C4A /* Resources */,
			);
			buildRules = (
			);
			dependencies = (
			);
			name = SS58Factory;
			packageProductDependencies = (
				82F654BA26D8998D005498EE /* SS58Factory */,
			);
			productName = SS58Factory;
			productReference = 8267905E26D88A8E00AE5C4A /* SS58Factory.app */;
			productType = "com.apple.product-type.application";
		};
		8267907326D88A9100AE5C4A /* SS58FactoryTests */ = {
			isa = PBXNativeTarget;
			buildConfigurationList = 8267908B26D88A9100AE5C4A /* Build configuration list for PBXNativeTarget "SS58FactoryTests" */;
			buildPhases = (
				8267907026D88A9100AE5C4A /* Sources */,
				8267907126D88A9100AE5C4A /* Frameworks */,
				8267907226D88A9100AE5C4A /* Resources */,
			);
			buildRules = (
			);
			dependencies = (
				8267907626D88A9100AE5C4A /* PBXTargetDependency */,
			);
			name = SS58FactoryTests;
			productName = SS58FactoryTests;
			productReference = 8267907426D88A9100AE5C4A /* SS58FactoryTests.xctest */;
			productType = "com.apple.product-type.bundle.unit-test";
		};
		8267907E26D88A9100AE5C4A /* SS58FactoryUITests */ = {
			isa = PBXNativeTarget;
			buildConfigurationList = 8267908E26D88A9100AE5C4A /* Build configuration list for PBXNativeTarget "SS58FactoryUITests" */;
			buildPhases = (
				8267907B26D88A9100AE5C4A /* Sources */,
				8267907C26D88A9100AE5C4A /* Frameworks */,
				8267907D26D88A9100AE5C4A /* Resources */,
			);
			buildRules = (
			);
			dependencies = (
				8267908126D88A9100AE5C4A /* PBXTargetDependency */,
			);
			name = SS58FactoryUITests;
			productName = SS58FactoryUITests;
			productReference = 8267907F26D88A9100AE5C4A /* SS58FactoryUITests.xctest */;
			productType = "com.apple.product-type.bundle.ui-testing";
		};
/* End PBXNativeTarget section */

/* Begin PBXProject section */
		8267905626D88A8E00AE5C4A /* Project object */ = {
			isa = PBXProject;
			attributes = {
				LastSwiftUpdateCheck = 1210;
				LastUpgradeCheck = 1210;
				TargetAttributes = {
					8267905D26D88A8E00AE5C4A = {
						CreatedOnToolsVersion = 12.1;
						LastSwiftMigration = 1210;
					};
					8267907326D88A9100AE5C4A = {
						CreatedOnToolsVersion = 12.1;
						TestTargetID = 8267905D26D88A8E00AE5C4A;
					};
					8267907E26D88A9100AE5C4A = {
						CreatedOnToolsVersion = 12.1;
						TestTargetID = 8267905D26D88A8E00AE5C4A;
					};
				};
			};
			buildConfigurationList = 8267905926D88A8E00AE5C4A /* Build configuration list for PBXProject "SS58Factory" */;
			compatibilityVersion = "Xcode 9.3";
			developmentRegion = en;
			hasScannedForEncodings = 0;
			knownRegions = (
				en,
				Base,
			);
			mainGroup = 8267905526D88A8E00AE5C4A;
			packageReferences = (
				82F654B926D8998D005498EE /* XCRemoteSwiftPackageReference "SS58Factory" */,
			);
			productRefGroup = 8267905F26D88A8E00AE5C4A /* Products */;
			projectDirPath = "";
			projectRoot = "";
			targets = (
				8267905D26D88A8E00AE5C4A /* SS58Factory */,
				8267907326D88A9100AE5C4A /* SS58FactoryTests */,
				8267907E26D88A9100AE5C4A /* SS58FactoryUITests */,
			);
		};
/* End PBXProject section */

/* Begin PBXResourcesBuildPhase section */
		8267905C26D88A8E00AE5C4A /* Resources */ = {
			isa = PBXResourcesBuildPhase;
			buildActionMask = 2147483647;
			files = (
				8267906E26D88A9100AE5C4A /* LaunchScreen.storyboard in Resources */,
				8267906B26D88A9100AE5C4A /* Assets.xcassets in Resources */,
				8267906926D88A8E00AE5C4A /* Main.storyboard in Resources */,
			);
			runOnlyForDeploymentPostprocessing = 0;
		};
		8267907226D88A9100AE5C4A /* Resources */ = {
			isa = PBXResourcesBuildPhase;
			buildActionMask = 2147483647;
			files = (
			);
			runOnlyForDeploymentPostprocessing = 0;
		};
		8267907D26D88A9100AE5C4A /* Resources */ = {
			isa = PBXResourcesBuildPhase;
			buildActionMask = 2147483647;
			files = (
			);
			runOnlyForDeploymentPostprocessing = 0;
		};
/* End PBXResourcesBuildPhase section */

/* Begin PBXSourcesBuildPhase section */
		8267905A26D88A8E00AE5C4A /* Sources */ = {
			isa = PBXSourcesBuildPhase;
			buildActionMask = 2147483647;
			files = (
				8267906626D88A8E00AE5C4A /* ViewController.swift in Sources */,
				8267906226D88A8E00AE5C4A /* AppDelegate.swift in Sources */,
				8267906426D88A8E00AE5C4A /* SceneDelegate.swift in Sources */,
			);
			runOnlyForDeploymentPostprocessing = 0;
		};
		8267907026D88A9100AE5C4A /* Sources */ = {
			isa = PBXSourcesBuildPhase;
			buildActionMask = 2147483647;
			files = (
				8267907926D88A9100AE5C4A /* SS58FactoryTests.swift in Sources */,
			);
			runOnlyForDeploymentPostprocessing = 0;
		};
		8267907B26D88A9100AE5C4A /* Sources */ = {
			isa = PBXSourcesBuildPhase;
			buildActionMask = 2147483647;
			files = (
				8267908426D88A9100AE5C4A /* SS58FactoryUITests.swift in Sources */,
			);
			runOnlyForDeploymentPostprocessing = 0;
		};
/* End PBXSourcesBuildPhase section */

/* Begin PBXTargetDependency section */
		8267907626D88A9100AE5C4A /* PBXTargetDependency */ = {
			isa = PBXTargetDependency;
			target = 8267905D26D88A8E00AE5C4A /* SS58Factory */;
			targetProxy = 8267907526D88A9100AE5C4A /* PBXContainerItemProxy */;
		};
		8267908126D88A9100AE5C4A /* PBXTargetDependency */ = {
			isa = PBXTargetDependency;
			target = 8267905D26D88A8E00AE5C4A /* SS58Factory */;
			targetProxy = 8267908026D88A9100AE5C4A /* PBXContainerItemProxy */;
		};
/* End PBXTargetDependency section */

/* Begin PBXVariantGroup section */
		8267906726D88A8E00AE5C4A /* Main.storyboard */ = {
			isa = PBXVariantGroup;
			children = (
				8267906826D88A8E00AE5C4A /* Base */,
			);
			name = Main.storyboard;
			sourceTree = "<group>";
		};
		8267906C26D88A9100AE5C4A /* LaunchScreen.storyboard */ = {
			isa = PBXVariantGroup;
			children = (
				8267906D26D88A9100AE5C4A /* Base */,
			);
			name = LaunchScreen.storyboard;
			sourceTree = "<group>";
		};
/* End PBXVariantGroup section */

/* Begin XCBuildConfiguration section */
		8267908626D88A9100AE5C4A /* Debug */ = {
			isa = XCBuildConfiguration;
			buildSettings = {
				ALWAYS_SEARCH_USER_PATHS = NO;
				CLANG_ANALYZER_NONNULL = YES;
				CLANG_ANALYZER_NUMBER_OBJECT_CONVERSION = YES_AGGRESSIVE;
				CLANG_CXX_LANGUAGE_STANDARD = "gnu++14";
				CLANG_CXX_LIBRARY = "libc++";
				CLANG_ENABLE_MODULES = YES;
				CLANG_ENABLE_OBJC_ARC = YES;
				CLANG_ENABLE_OBJC_WEAK = YES;
				CLANG_WARN_BLOCK_CAPTURE_AUTORELEASING = YES;
				CLANG_WARN_BOOL_CONVERSION = YES;
				CLANG_WARN_COMMA = YES;
				CLANG_WARN_CONSTANT_CONVERSION = YES;
				CLANG_WARN_DEPRECATED_OBJC_IMPLEMENTATIONS = YES;
				CLANG_WARN_DIRECT_OBJC_ISA_USAGE = YES_ERROR;
				CLANG_WARN_DOCUMENTATION_COMMENTS = YES;
				CLANG_WARN_EMPTY_BODY = YES;
				CLANG_WARN_ENUM_CONVERSION = YES;
				CLANG_WARN_INFINITE_RECURSION = YES;
				CLANG_WARN_INT_CONVERSION = YES;
				CLANG_WARN_NON_LITERAL_NULL_CONVERSION = YES;
				CLANG_WARN_OBJC_IMPLICIT_RETAIN_SELF = YES;
				CLANG_WARN_OBJC_LITERAL_CONVERSION = YES;
				CLANG_WARN_OBJC_ROOT_CLASS = YES_ERROR;
				CLANG_WARN_QUOTED_INCLUDE_IN_FRAMEWORK_HEADER = YES;
				CLANG_WARN_RANGE_LOOP_ANALYSIS = YES;
				CLANG_WARN_STRICT_PROTOTYPES = YES;
				CLANG_WARN_SUSPICIOUS_MOVE = YES;
				CLANG_WARN_UNGUARDED_AVAILABILITY = YES_AGGRESSIVE;
				CLANG_WARN_UNREACHABLE_CODE = YES;
				CLANG_WARN__DUPLICATE_METHOD_MATCH = YES;
				COPY_PHASE_STRIP = NO;
				DEBUG_INFORMATION_FORMAT = dwarf;
				ENABLE_STRICT_OBJC_MSGSEND = YES;
				ENABLE_TESTABILITY = YES;
				GCC_C_LANGUAGE_STANDARD = gnu11;
				GCC_DYNAMIC_NO_PIC = NO;
				GCC_NO_COMMON_BLOCKS = YES;
				GCC_OPTIMIZATION_LEVEL = 0;
				GCC_PREPROCESSOR_DEFINITIONS = (
					"DEBUG=1",
					"$(inherited)",
				);
				GCC_WARN_64_TO_32_BIT_CONVERSION = YES;
				GCC_WARN_ABOUT_RETURN_TYPE = YES_ERROR;
				GCC_WARN_UNDECLARED_SELECTOR = YES;
				GCC_WARN_UNINITIALIZED_AUTOS = YES_AGGRESSIVE;
				GCC_WARN_UNUSED_FUNCTION = YES;
				GCC_WARN_UNUSED_VARIABLE = YES;
				IPHONEOS_DEPLOYMENT_TARGET = 14.1;
				MTL_ENABLE_DEBUG_INFO = INCLUDE_SOURCE;
				MTL_FAST_MATH = YES;
				ONLY_ACTIVE_ARCH = YES;
				SDKROOT = iphoneos;
				SWIFT_ACTIVE_COMPILATION_CONDITIONS = DEBUG;
				SWIFT_OPTIMIZATION_LEVEL = "-Onone";
			};
			name = Debug;
		};
		8267908726D88A9100AE5C4A /* Release */ = {
			isa = XCBuildConfiguration;
			buildSettings = {
				ALWAYS_SEARCH_USER_PATHS = NO;
				CLANG_ANALYZER_NONNULL = YES;
				CLANG_ANALYZER_NUMBER_OBJECT_CONVERSION = YES_AGGRESSIVE;
				CLANG_CXX_LANGUAGE_STANDARD = "gnu++14";
				CLANG_CXX_LIBRARY = "libc++";
				CLANG_ENABLE_MODULES = YES;
				CLANG_ENABLE_OBJC_ARC = YES;
				CLANG_ENABLE_OBJC_WEAK = YES;
				CLANG_WARN_BLOCK_CAPTURE_AUTORELEASING = YES;
				CLANG_WARN_BOOL_CONVERSION = YES;
				CLANG_WARN_COMMA = YES;
				CLANG_WARN_CONSTANT_CONVERSION = YES;
				CLANG_WARN_DEPRECATED_OBJC_IMPLEMENTATIONS = YES;
				CLANG_WARN_DIRECT_OBJC_ISA_USAGE = YES_ERROR;
				CLANG_WARN_DOCUMENTATION_COMMENTS = YES;
				CLANG_WARN_EMPTY_BODY = YES;
				CLANG_WARN_ENUM_CONVERSION = YES;
				CLANG_WARN_INFINITE_RECURSION = YES;
				CLANG_WARN_INT_CONVERSION = YES;
				CLANG_WARN_NON_LITERAL_NULL_CONVERSION = YES;
				CLANG_WARN_OBJC_IMPLICIT_RETAIN_SELF = YES;
				CLANG_WARN_OBJC_LITERAL_CONVERSION = YES;
				CLANG_WARN_OBJC_ROOT_CLASS = YES_ERROR;
				CLANG_WARN_QUOTED_INCLUDE_IN_FRAMEWORK_HEADER = YES;
				CLANG_WARN_RANGE_LOOP_ANALYSIS = YES;
				CLANG_WARN_STRICT_PROTOTYPES = YES;
				CLANG_WARN_SUSPICIOUS_MOVE = YES;
				CLANG_WARN_UNGUARDED_AVAILABILITY = YES_AGGRESSIVE;
				CLANG_WARN_UNREACHABLE_CODE = YES;
				CLANG_WARN__DUPLICATE_METHOD_MATCH = YES;
				COPY_PHASE_STRIP = NO;
				DEBUG_INFORMATION_FORMAT = "dwarf-with-dsym";
				ENABLE_NS_ASSERTIONS = NO;
				ENABLE_STRICT_OBJC_MSGSEND = YES;
				GCC_C_LANGUAGE_STANDARD = gnu11;
				GCC_NO_COMMON_BLOCKS = YES;
				GCC_WARN_64_TO_32_BIT_CONVERSION = YES;
				GCC_WARN_ABOUT_RETURN_TYPE = YES_ERROR;
				GCC_WARN_UNDECLARED_SELECTOR = YES;
				GCC_WARN_UNINITIALIZED_AUTOS = YES_AGGRESSIVE;
				GCC_WARN_UNUSED_FUNCTION = YES;
				GCC_WARN_UNUSED_VARIABLE = YES;
				IPHONEOS_DEPLOYMENT_TARGET = 14.1;
				MTL_ENABLE_DEBUG_INFO = NO;
				MTL_FAST_MATH = YES;
				SDKROOT = iphoneos;
				SWIFT_COMPILATION_MODE = wholemodule;
				SWIFT_OPTIMIZATION_LEVEL = "-O";
				VALIDATE_PRODUCT = YES;
			};
			name = Release;
		};
		8267908926D88A9100AE5C4A /* Debug */ = {
			isa = XCBuildConfiguration;
			buildSettings = {
				ASSETCATALOG_COMPILER_APPICON_NAME = AppIcon;
				ASSETCATALOG_COMPILER_GLOBAL_ACCENT_COLOR_NAME = AccentColor;
				CLANG_ENABLE_MODULES = YES;
				CODE_SIGN_STYLE = Automatic;
				DEVELOPMENT_TEAM = TZ222P77XM;
				INFOPLIST_FILE = SS58Factory/Info.plist;
				IPHONEOS_DEPLOYMENT_TARGET = 13.0;
				LD_RUNPATH_SEARCH_PATHS = (
					"$(inherited)",
					"@executable_path/Frameworks",
				);
				PRODUCT_BUNDLE_IDENTIFIER = lishuailibertine.SS58Factory;
				PRODUCT_NAME = "$(TARGET_NAME)";
				SWIFT_OBJC_BRIDGING_HEADER = "SS58Factory/SS58Factory-Bridging-Header.h";
				SWIFT_OPTIMIZATION_LEVEL = "-Onone";
				SWIFT_VERSION = 5.0;
				TARGETED_DEVICE_FAMILY = "1,2";
			};
			name = Debug;
		};
		8267908A26D88A9100AE5C4A /* Release */ = {
			isa = XCBuildConfiguration;
			buildSettings = {
				ASSETCATALOG_COMPILER_APPICON_NAME = AppIcon;
				ASSETCATALOG_COMPILER_GLOBAL_ACCENT_COLOR_NAME = AccentColor;
				CLANG_ENABLE_MODULES = YES;
				CODE_SIGN_STYLE = Automatic;
				DEVELOPMENT_TEAM = TZ222P77XM;
				INFOPLIST_FILE = SS58Factory/Info.plist;
				IPHONEOS_DEPLOYMENT_TARGET = 13.0;
				LD_RUNPATH_SEARCH_PATHS = (
					"$(inherited)",
					"@executable_path/Frameworks",
				);
				PRODUCT_BUNDLE_IDENTIFIER = lishuailibertine.SS58Factory;
				PRODUCT_NAME = "$(TARGET_NAME)";
				SWIFT_OBJC_BRIDGING_HEADER = "SS58Factory/SS58Factory-Bridging-Header.h";
				SWIFT_VERSION = 5.0;
				TARGETED_DEVICE_FAMILY = "1,2";
			};
			name = Release;
		};
		8267908C26D88A9100AE5C4A /* Debug */ = {
			isa = XCBuildConfiguration;
			buildSettings = {
				ALWAYS_EMBED_SWIFT_STANDARD_LIBRARIES = YES;
				BUNDLE_LOADER = "$(TEST_HOST)";
				CODE_SIGN_STYLE = Automatic;
				DEVELOPMENT_TEAM = 6TQN9US27R;
				INFOPLIST_FILE = SS58FactoryTests/Info.plist;
				IPHONEOS_DEPLOYMENT_TARGET = 14.1;
				LD_RUNPATH_SEARCH_PATHS = (
					"$(inherited)",
					"@executable_path/Frameworks",
					"@loader_path/Frameworks",
				);
				PRODUCT_BUNDLE_IDENTIFIER = lishuailibertine.SS58FactoryTests;
				PRODUCT_NAME = "$(TARGET_NAME)";
				SWIFT_VERSION = 5.0;
				TARGETED_DEVICE_FAMILY = "1,2";
				TEST_HOST = "$(BUILT_PRODUCTS_DIR)/SS58Factory.app/SS58Factory";
			};
			name = Debug;
		};
		8267908D26D88A9100AE5C4A /* Release */ = {
			isa = XCBuildConfiguration;
			buildSettings = {
				ALWAYS_EMBED_SWIFT_STANDARD_LIBRARIES = YES;
				BUNDLE_LOADER = "$(TEST_HOST)";
				CODE_SIGN_STYLE = Automatic;
				DEVELOPMENT_TEAM = 6TQN9US27R;
				INFOPLIST_FILE = SS58FactoryTests/Info.plist;
				IPHONEOS_DEPLOYMENT_TARGET = 14.1;
				LD_RUNPATH_SEARCH_PATHS = (
					"$(inherited)",
					"@executable_path/Frameworks",
					"@loader_path/Frameworks",
				);
				PRODUCT_BUNDLE_IDENTIFIER = lishuailibertine.SS58FactoryTests;
				PRODUCT_NAME = "$(TARGET_NAME)";
				SWIFT_VERSION = 5.0;
				TARGETED_DEVICE_FAMILY = "1,2";
				TEST_HOST = "$(BUILT_PRODUCTS_DIR)/SS58Factory.app/SS58Factory";
			};
			name = Release;
		};
		8267908F26D88A9100AE5C4A /* Debug */ = {
			isa = XCBuildConfiguration;
			buildSettings = {
				ALWAYS_EMBED_SWIFT_STANDARD_LIBRARIES = YES;
				CODE_SIGN_STYLE = Automatic;
				DEVELOPMENT_TEAM = 6TQN9US27R;
				INFOPLIST_FILE = SS58FactoryUITests/Info.plist;
				LD_RUNPATH_SEARCH_PATHS = (
					"$(inherited)",
					"@executable_path/Frameworks",
					"@loader_path/Frameworks",
				);
				PRODUCT_BUNDLE_IDENTIFIER = lishuailibertine.SS58FactoryUITests;
				PRODUCT_NAME = "$(TARGET_NAME)";
				SWIFT_VERSION = 5.0;
				TARGETED_DEVICE_FAMILY = "1,2";
				TEST_TARGET_NAME = SS58Factory;
			};
			name = Debug;
		};
		8267909026D88A9100AE5C4A /* Release */ = {
			isa = XCBuildConfiguration;
			buildSettings = {
				ALWAYS_EMBED_SWIFT_STANDARD_LIBRARIES = YES;
				CODE_SIGN_STYLE = Automatic;
				DEVELOPMENT_TEAM = 6TQN9US27R;
				INFOPLIST_FILE = SS58FactoryUITests/Info.plist;
				LD_RUNPATH_SEARCH_PATHS = (
					"$(inherited)",
					"@executable_path/Frameworks",
					"@loader_path/Frameworks",
				);
				PRODUCT_BUNDLE_IDENTIFIER = lishuailibertine.SS58FactoryUITests;
				PRODUCT_NAME = "$(TARGET_NAME)";
				SWIFT_VERSION = 5.0;
				TARGETED_DEVICE_FAMILY = "1,2";
				TEST_TARGET_NAME = SS58Factory;
			};
			name = Release;
		};
/* End XCBuildConfiguration section */

/* Begin XCConfigurationList section */
		8267905926D88A8E00AE5C4A /* Build configuration list for PBXProject "SS58Factory" */ = {
			isa = XCConfigurationList;
			buildConfigurations = (
				8267908626D88A9100AE5C4A /* Debug */,
				8267908726D88A9100AE5C4A /* Release */,
			);
			defaultConfigurationIsVisible = 0;
			defaultConfigurationName = Release;
		};
		8267908826D88A9100AE5C4A /* Build configuration list for PBXNativeTarget "SS58Factory" */ = {
			isa = XCConfigurationList;
			buildConfigurations = (
				8267908926D88A9100AE5C4A /* Debug */,
				8267908A26D88A9100AE5C4A /* Release */,
			);
			defaultConfigurationIsVisible = 0;
			defaultConfigurationName = Release;
		};
		8267908B26D88A9100AE5C4A /* Build configuration list for PBXNativeTarget "SS58FactoryTests" */ = {
			isa = XCConfigurationList;
			buildConfigurations = (
				8267908C26D88A9100AE5C4A /* Debug */,
				8267908D26D88A9100AE5C4A /* Release */,
			);
			defaultConfigurationIsVisible = 0;
			defaultConfigurationName = Release;
		};
		8267908E26D88A9100AE5C4A /* Build configuration list for PBXNativeTarget "SS58FactoryUITests" */ = {
			isa = XCConfigurationList;
			buildConfigurations = (
				8267908F26D88A9100AE5C4A /* Debug */,
				8267909026D88A9100AE5C4A /* Release */,
			);
			defaultConfigurationIsVisible = 0;
			defaultConfigurationName = Release;
		};
/* End XCConfigurationList section */

/* Begin XCRemoteSwiftPackageReference section */
		82F654B926D8998D005498EE /* XCRemoteSwiftPackageReference "SS58Factory" */ = {
			isa = XCRemoteSwiftPackageReference;
			repositoryURL = "https://github.com/lishuailibertine/SS58Factory";
			requirement = {
				branch = main;
				kind = branch;
			};
		};
/* End XCRemoteSwiftPackageReference section */

/* Begin XCSwiftPackageProductDependency section */
		82F654BA26D8998D005498EE /* SS58Factory */ = {
			isa = XCSwiftPackageProductDependency;
			package = 82F654B926D8998D005498EE /* XCRemoteSwiftPackageReference "SS58Factory" */;
			productName = SS58Factory;
		};
/* End XCSwiftPackageProductDependency section */
	};
	rootObject = 8267905626D88A8E00AE5C4A /* Project object */;
}
