{
  "object": {
    "pins": [
      {
        "package": "SS58Factory",
        "repositoryURL": "https://github.com/lishuailibertine/SS58Factory",
        "state": {
          "branch": "main",
          "revision": "213fb46df1c690606c2bc0f9ae86fad73db2f151",
          "version": null
        }
      }
    ]
  },
  "version": 1
}
